
Microsoft Visual Studio Solution File, Format Version 12.00
# Visual Studio 2013
VisualStudioVersion = 12.0.31101.0
MinimumVisualStudioVersion = 10.0.40219.1
Project("{FAE04EC0-301F-11D3-BF4B-00C04F79EFBC}") = "RicardoDeSilva", "RicardoDeSilva\RicardoDeSilva.csproj", "{290BAB6C-0DCF-4492-8F45-71BE55612891}"
EndProject
Project("{FAE04EC0-301F-11D3-BF4B-00C04F79EFBC}") = "UseCaseExamples", "UseCaseExamples\UseCaseExamples.csproj", "{44193FEC-ADD1-4D31-81F8-8D0B0776EC48}"
EndProject
Global
	GlobalSection(SolutionConfigurationPlatforms) = preSolution
		Debug|Any CPU = Debug|Any CPU
		Release|Any CPU = Release|Any CPU
	EndGlobalSection
	GlobalSection(ProjectConfigurationPlatforms) = postSolution
		{290BAB6C-0DCF-4492-8F45-71BE55612891}.Debug|Any CPU.ActiveCfg = Debug|Any CPU
		{290BAB6C-0DCF-4492-8F45-71BE55612891}.Debug|Any CPU.Build.0 = Debug|Any CPU
		{290BAB6C-0DCF-4492-8F45-71BE55612891}.Release|Any CPU.ActiveCfg = Release|Any CPU
		{290BAB6C-0DCF-4492-8F45-71BE55612891}.Release|Any CPU.Build.0 = Release|Any CPU
		{44193FEC-ADD1-4D31-81F8-8D0B0776EC48}.Debug|Any CPU.ActiveCfg = Debug|Any CPU
		{44193FEC-ADD1-4D31-81F8-8D0B0776EC48}.Debug|Any CPU.Build.0 = Debug|Any CPU
		{44193FEC-ADD1-4D31-81F8-8D0B0776EC48}.Release|Any CPU.ActiveCfg = Release|Any CPU
		{44193FEC-ADD1-4D31-81F8-8D0B0776EC48}.Release|Any CPU.Build.0 = Release|Any CPU
	EndGlobalSection
	GlobalSection(SolutionProperties) = preSolution
		HideSolutionNode = FALSE
	EndGlobalSection
EndGlobal
